<?xml version="1.0" encoding="utf-8"?>
<Project ToolsVersion="4.0" xmlns="http://schemas.microsoft.com/developer/msbuild/2003">
  <ItemGroup>
    <Filter Include="소스 파일">
      <UniqueIdentifier>{4FC737F1-C7A5-4376-A066-2A32D752A2FF}</UniqueIdentifier>
      <Extensions>cpp;c;cc;cxx;def;odl;idl;hpj;bat;asm;asmx</Extensions>
    </Filter>
    <Filter Include="헤더 파일">
      <UniqueIdentifier>{93995380-89BD-4b04-88EB-625FBE52EBFB}</UniqueIdentifier>
      <Extensions>h;hpp;hxx;hm;inl;inc;xsd</Extensions>
    </Filter>
    <Filter Include="리소스 파일">
      <UniqueIdentifier>{67DA6AB6-F800-4c08-8B7A-83BB121AAD01}</UniqueIdentifier>
      <Extensions>rc;ico;cur;bmp;dlg;rc2;rct;bin;rgs;gif;jpg;jpeg;jpe;resx;tiff;tif;png;wav;mfcribbon-ms</Extensions>
    </Filter>
    <Filter Include="한나">
      <UniqueIdentifier>{c3c6a12b-e11a-4fbf-9055-5395c1c9b098}</UniqueIdentifier>
    </Filter>
    <Filter Include="영빈">
      <UniqueIdentifier>{f4a5a17b-4edf-427d-ab2d-b8809b181f2d}</UniqueIdentifier>
    </Filter>
    <Filter Include="동욱">
      <UniqueIdentifier>{6f3770d5-feba-49b8-baff-7267646024c6}</UniqueIdentifier>
    </Filter>
    <Filter Include="선생님">
      <UniqueIdentifier>{a6182cfb-4a85-402c-8245-379a6f2922b1}</UniqueIdentifier>
    </Filter>
    <Filter Include="영빈\AStar">
      <UniqueIdentifier>{776f3fc5-8e49-4fd4-9f26-0e6d95a450cf}</UniqueIdentifier>
    </Filter>
    <Filter Include="선생님\Loader">
      <UniqueIdentifier>{a03676d3-0e51-40dc-ac8a-f4095ac5c4d2}</UniqueIdentifier>
    </Filter>
    <Filter Include="선생님\Manager">
      <UniqueIdentifier>{6b3eda58-190d-45e6-9917-b0fa3711ec85}</UniqueIdentifier>
    </Filter>
    <Filter Include="선생님\UI">
      <UniqueIdentifier>{98ba53ca-1f4b-4248-9837-8dc617a409b6}</UniqueIdentifier>
    </Filter>
    <Filter Include="선생님\Util">
      <UniqueIdentifier>{df3b1da5-8b8f-4661-9c11-98d8d84cc705}</UniqueIdentifier>
    </Filter>
    <Filter Include="선생님\Grid">
      <UniqueIdentifier>{4988ec14-3293-4e08-b276-08245706d16d}</UniqueIdentifier>
    </Filter>
    <Filter Include="선생님\SkinnedMesh">
      <UniqueIdentifier>{5c6a2f4b-b9d6-4748-bc6f-3ddc53b24dd8}</UniqueIdentifier>
    </Filter>
    <Filter Include="선생님\Action">
      <UniqueIdentifier>{5a3fa23d-24b2-4077-a252-817be7f7de5f}</UniqueIdentifier>
    </Filter>
    <Filter Include="선생님\Object">
      <UniqueIdentifier>{e5159402-c075-4f81-86b8-d6c3cf52335c}</UniqueIdentifier>
    </Filter>
    <Filter Include="선생님\Frame">
      <UniqueIdentifier>{e5e2f997-735c-4258-b771-0c81019fa8ef}</UniqueIdentifier>
    </Filter>
    <Filter Include="선생님\Camera">
      <UniqueIdentifier>{3c2eb40c-cc47-4619-b20e-33bbeded700f}</UniqueIdentifier>
    </Filter>
    <Filter Include="선생님\Map">
      <UniqueIdentifier>{fc8ecbfb-792b-43d7-96bd-be2484610bc7}</UniqueIdentifier>
    </Filter>
    <Filter Include="영빈\MapTool">
      <UniqueIdentifier>{bca020f6-a739-48d6-af05-4c253a0fefce}</UniqueIdentifier>
    </Filter>
    <Filter Include="선생님\Group">
      <UniqueIdentifier>{08354e65-befb-4b62-94f5-3f8b1e488cbf}</UniqueIdentifier>
    </Filter>
    <Filter Include="영빈\GridNode">
      <UniqueIdentifier>{d0827ca5-14e9-4d63-b77f-4c467f15b265}</UniqueIdentifier>
    </Filter>
    <Filter Include="동욱\메인%28cMain_admin%29">
      <UniqueIdentifier>{fac846eb-5857-477e-8186-82b9bfa4cafa}</UniqueIdentifier>
    </Filter>
    <Filter Include="한나\UIManager">
      <UniqueIdentifier>{35a135f0-c44b-4836-bcb5-df0e2dda8d29}</UniqueIdentifier>
    </Filter>
    <Filter Include="한나\UIs">
      <UniqueIdentifier>{c62f82d2-f4f5-4fcd-b577-70db98b5f6e7}</UniqueIdentifier>
    </Filter>
    <Filter Include="동욱\씬%28cScene%29">
      <UniqueIdentifier>{3f5062da-c1aa-424d-9bc0-49e174a66985}</UniqueIdentifier>
    </Filter>
    <Filter Include="동욱\씬매니져%28cScene_Manager%29">
      <UniqueIdentifier>{f13e7876-6392-463a-9b92-960143138487}</UniqueIdentifier>
    </Filter>
    <Filter Include="동욱\씬%28Test%29">
      <UniqueIdentifier>{40d70a34-d301-4dd2-9e1b-468c274ad74d}</UniqueIdentifier>
    </Filter>
    <Filter Include="한나\UITool">
      <UniqueIdentifier>{fb8aca00-da71-4235-b5d1-69a17c4cf118}</UniqueIdentifier>
    </Filter>
    <Filter Include="한나\UIToolTestScene">
      <UniqueIdentifier>{f4636067-05e2-41af-9559-b1b001173232}</UniqueIdentifier>
    </Filter>
    <Filter Include="동욱\플레이어%28cPlayer%29">
      <UniqueIdentifier>{0dac3724-d297-458a-a96d-ee1800551380}</UniqueIdentifier>
    </Filter>
    <Filter Include="영빈\MapObject">
      <UniqueIdentifier>{cd9c7c7c-f0e5-49e3-ba85-05396d86ee30}</UniqueIdentifier>
    </Filter>
    <Filter Include="영빈\MapToolScene">
      <UniqueIdentifier>{c30d5bae-a3c3-4c4d-b4b3-c999db11ec53}</UniqueIdentifier>
    </Filter>
    <Filter Include="한나\UI정리">
      <UniqueIdentifier>{5df5349a-8d09-4c03-9aab-2887835f1f25}</UniqueIdentifier>
    </Filter>
    <Filter Include="한나\MainMenuScene">
      <UniqueIdentifier>{c653b1d2-a439-408a-b988-cdfa7a2a54d7}</UniqueIdentifier>
    </Filter>
    <Filter Include="한나\Database">
      <UniqueIdentifier>{728e83e4-28b3-4eb9-a8d6-02dda77cb99b}</UniqueIdentifier>
    </Filter>
  </ItemGroup>
  <ItemGroup>
    <None Include="ReadMe.txt" />
    <None Include="small.ico">
      <Filter>리소스 파일</Filter>
    </None>
    <None Include="Dx3D.ico">
      <Filter>리소스 파일</Filter>
    </None>
  </ItemGroup>
  <ItemGroup>
    <ClInclude Include="cMainGame.h">
      <Filter>선생님</Filter>
    </ClInclude>
    <ClInclude Include="cAStar.h">
      <Filter>영빈\AStar</Filter>
    </ClInclude>
    <ClInclude Include="cActionMove.h">
      <Filter>선생님\Action</Filter>
    </ClInclude>
    <ClInclude Include="cAction.h">
      <Filter>선생님\Action</Filter>
    </ClInclude>
    <ClInclude Include="cCamera.h">
      <Filter>선생님\Camera</Filter>
    </ClInclude>
    <ClInclude Include="cObjLoader.h">
      <Filter>선생님\Loader</Filter>
    </ClInclude>
    <ClInclude Include="cActionRepeat.h">
      <Filter>선생님\Action</Filter>
    </ClInclude>
    <ClInclude Include="cActionSeq.h">
      <Filter>선생님\Action</Filter>
    </ClInclude>
    <ClInclude Include="cAseLoader.h">
      <Filter>선생님\Loader</Filter>
    </ClInclude>
    <ClInclude Include="cDeviceManager.h">
      <Filter>선생님\Manager</Filter>
    </ClInclude>
    <ClInclude Include="cFontManager.h">
      <Filter>선생님\Manager</Filter>
    </ClInclude>
    <ClInclude Include="cSkinnedMeshManager.h">
      <Filter>선생님\Manager</Filter>
    </ClInclude>
    <ClInclude Include="cTextureManager.h">
      <Filter>선생님\Manager</Filter>
    </ClInclude>
    <ClInclude Include="cUIButton.h">
      <Filter>선생님\UI</Filter>
    </ClInclude>
    <ClInclude Include="cUIImageView.h">
      <Filter>선생님\UI</Filter>
    </ClInclude>
    <ClInclude Include="cUIObject.h">
      <Filter>선생님\UI</Filter>
    </ClInclude>
    <ClInclude Include="cUITextView.h">
      <Filter>선생님\UI</Filter>
    </ClInclude>
    <ClInclude Include="cTimeManager.h">
      <Filter>선생님\Manager</Filter>
    </ClInclude>
    <ClInclude Include="cGroup.h">
      <Filter>선생님\Group</Filter>
    </ClInclude>
    <ClInclude Include="cFrame.h">
      <Filter>선생님\Frame</Filter>
    </ClInclude>
    <ClInclude Include="cRay.h">
      <Filter>선생님\Util</Filter>
    </ClInclude>
    <ClInclude Include="cGrid.h">
      <Filter>선생님\Grid</Filter>
    </ClInclude>
    <ClInclude Include="cPyramid.h">
      <Filter>선생님\Grid</Filter>
    </ClInclude>
    <ClInclude Include="cObjectPool.h">
      <Filter>선생님\Object</Filter>
    </ClInclude>
    <ClInclude Include="cObject.h">
      <Filter>선생님\Object</Filter>
    </ClInclude>
    <ClInclude Include="cSkinnedMesh.h">
      <Filter>선생님\SkinnedMesh</Filter>
    </ClInclude>
    <ClInclude Include="cAutoReleasePool.h">
      <Filter>선생님\Object</Filter>
    </ClInclude>
    <ClInclude Include="cMtlTex.h">
      <Filter>선생님\Object</Filter>
    </ClInclude>
    <ClInclude Include="Resource.h">
      <Filter>선생님\Util</Filter>
    </ClInclude>
    <ClInclude Include="targetver.h">
      <Filter>선생님\Util</Filter>
    </ClInclude>
    <ClInclude Include="iMap.h">
      <Filter>선생님\Map</Filter>
    </ClInclude>
    <ClInclude Include="cHeightMap.h">
      <Filter>선생님\Map</Filter>
    </ClInclude>
    <ClInclude Include="cGameObject.h">
      <Filter>선생님\Object</Filter>
    </ClInclude>
    <ClInclude Include="cObjMap.h">
      <Filter>선생님\Map</Filter>
    </ClInclude>
    <ClInclude Include="cFrustum.h">
      <Filter>선생님\Camera</Filter>
    </ClInclude>
    <ClInclude Include="cLerp.h">
      <Filter>선생님\Util</Filter>
    </ClInclude>
    <ClInclude Include="Dx3D.h">
      <Filter>선생님\Util</Filter>
    </ClInclude>
    <ClInclude Include="cCube.h">
      <Filter>선생님\Util</Filter>
    </ClInclude>
    <ClInclude Include="cCrtCtrl.h">
      <Filter>선생님\Util</Filter>
    </ClInclude>
    <ClInclude Include="Asciitok.h">
      <Filter>선생님\Loader</Filter>
    </ClInclude>
    <ClInclude Include="cAllocateHierarchy.h">
      <Filter>선생님\SkinnedMesh</Filter>
    </ClInclude>
    <ClInclude Include="cMapTool.h">
      <Filter>영빈\MapTool</Filter>
    </ClInclude>
    <ClInclude Include="cGridNode.h">
      <Filter>영빈\GridNode</Filter>
    </ClInclude>
    <ClInclude Include="cMain_admin.h">
      <Filter>동욱\메인%28cMain_admin%29</Filter>
    </ClInclude>
    <ClInclude Include="singletonBase.h">
      <Filter>선생님</Filter>
    </ClInclude>
    <ClInclude Include="cKeyManager.h">
      <Filter>선생님\Manager</Filter>
    </ClInclude>
    <ClInclude Include="cSoundManager.h">
      <Filter>선생님\Manager</Filter>
    </ClInclude>
    <ClInclude Include="cTabUI.h">
      <Filter>한나\UIs</Filter>
    </ClInclude>
    <ClInclude Include="cSceneUI.h">
      <Filter>한나\UIs</Filter>
    </ClInclude>
    <ClInclude Include="cSceneManager.h">
      <Filter>선생님\Manager</Filter>
    </ClInclude>
    <ClInclude Include="stdafx.h">
      <Filter>선생님</Filter>
    </ClInclude>
    <ClInclude Include="cScene.h">
      <Filter>동욱\씬%28cScene%29</Filter>
    </ClInclude>
    <ClInclude Include="cScene_Manager.h">
      <Filter>동욱\씬매니져%28cScene_Manager%29</Filter>
    </ClInclude>
    <ClInclude Include="cScene_Test_1.h">
      <Filter>동욱\씬%28Test%29</Filter>
    </ClInclude>
    <ClInclude Include="cUIManager.h">
      <Filter>한나\UIManager</Filter>
    </ClInclude>
    <ClInclude Include="cUITool.h">
      <Filter>한나\UITool</Filter>
    </ClInclude>
    <ClInclude Include="cUIGrid.h">
      <Filter>한나\UIs</Filter>
    </ClInclude>
    <ClInclude Include="cUIToolTestScene.h">
      <Filter>한나\UIToolTestScene</Filter>
    </ClInclude>
    <ClInclude Include="cPlayer.h">
      <Filter>동욱\플레이어%28cPlayer%29</Filter>
    </ClInclude>
    <ClInclude Include="cPlayer_Ctrl.h">
      <Filter>동욱\플레이어%28cPlayer%29</Filter>
    </ClInclude>
    <ClInclude Include="cMapObject.h">
      <Filter>영빈\MapObject</Filter>
    </ClInclude>
    <ClInclude Include="cMapObjState.h">
      <Filter>영빈\MapObject</Filter>
    </ClInclude>
    <ClInclude Include="cMapToolScene.h">
      <Filter>영빈\MapToolScene</Filter>
    </ClInclude>
    <ClInclude Include="IUI.h">
      <Filter>한나\UI정리</Filter>
    </ClInclude>
    <ClInclude Include="cUI_In_Game.h">
      <Filter>한나\UI정리</Filter>
    </ClInclude>
    <ClInclude Include="cUITool_In_Game_Test.h">
      <Filter>한나\UI정리</Filter>
    </ClInclude>
    <ClInclude Include="cMainMenuScene.h">
      <Filter>한나\MainMenuScene</Filter>
    </ClInclude>
    <ClInclude Include="cDatabase.h">
      <Filter>한나\Database</Filter>
    </ClInclude>
  </ItemGroup>
  <ItemGroup>
    <ClCompile Include="cMainGame.cpp">
      <Filter>선생님</Filter>
    </ClCompile>
    <ClCompile Include="cAStar.cpp">
      <Filter>영빈\AStar</Filter>
    </ClCompile>
    <ClCompile Include="cActionMove.cpp">
      <Filter>선생님\Action</Filter>
    </ClCompile>
    <ClCompile Include="cAction.cpp">
      <Filter>선생님\Action</Filter>
    </ClCompile>
    <ClCompile Include="cCamera.cpp">
      <Filter>선생님\Camera</Filter>
    </ClCompile>
    <ClCompile Include="cObjLoader.cpp">
      <Filter>선생님\Loader</Filter>
    </ClCompile>
    <ClCompile Include="cActionRepeat.cpp">
      <Filter>선생님\Action</Filter>
    </ClCompile>
    <ClCompile Include="cActionSeq.cpp">
      <Filter>선생님\Action</Filter>
    </ClCompile>
    <ClCompile Include="cAseLoader.cpp">
      <Filter>선생님\Loader</Filter>
    </ClCompile>
    <ClCompile Include="cDeviceManager.cpp">
      <Filter>선생님\Manager</Filter>
    </ClCompile>
    <ClCompile Include="cFontManager.cpp">
      <Filter>선생님\Manager</Filter>
    </ClCompile>
    <ClCompile Include="cSkinnedMeshManager.cpp">
      <Filter>선생님\Manager</Filter>
    </ClCompile>
    <ClCompile Include="cTextureManager.cpp">
      <Filter>선생님\Manager</Filter>
    </ClCompile>
    <ClCompile Include="cUIButton.cpp">
      <Filter>선생님\UI</Filter>
    </ClCompile>
    <ClCompile Include="cUIImageView.cpp">
      <Filter>선생님\UI</Filter>
    </ClCompile>
    <ClCompile Include="cUIObject.cpp">
      <Filter>선생님\UI</Filter>
    </ClCompile>
    <ClCompile Include="cUITextView.cpp">
      <Filter>선생님\UI</Filter>
    </ClCompile>
    <ClCompile Include="cTimeManager.cpp">
      <Filter>선생님\Manager</Filter>
    </ClCompile>
    <ClCompile Include="cGroup.cpp">
      <Filter>선생님\Group</Filter>
    </ClCompile>
    <ClCompile Include="cFrame.cpp">
      <Filter>선생님\Frame</Filter>
    </ClCompile>
    <ClCompile Include="cRay.cpp">
      <Filter>선생님\Util</Filter>
    </ClCompile>
    <ClCompile Include="cGrid.cpp">
      <Filter>선생님\Grid</Filter>
    </ClCompile>
    <ClCompile Include="cPyramid.cpp">
      <Filter>선생님\Grid</Filter>
    </ClCompile>
    <ClCompile Include="cObjectPool.cpp">
      <Filter>선생님\Object</Filter>
    </ClCompile>
    <ClCompile Include="cObject.cpp">
      <Filter>선생님\Object</Filter>
    </ClCompile>
    <ClCompile Include="cSkinnedMesh.cpp">
      <Filter>선생님\SkinnedMesh</Filter>
    </ClCompile>
    <ClCompile Include="cAutoReleasePool.cpp">
      <Filter>선생님\Object</Filter>
    </ClCompile>
    <ClCompile Include="cMtlTex.cpp">
      <Filter>선생님\Object</Filter>
    </ClCompile>
    <ClCompile Include="iMap.cpp">
      <Filter>선생님\Map</Filter>
    </ClCompile>
    <ClCompile Include="cHeightMap.cpp">
      <Filter>선생님\Map</Filter>
    </ClCompile>
    <ClCompile Include="cGameObject.cpp">
      <Filter>선생님\Object</Filter>
    </ClCompile>
    <ClCompile Include="cObjMap.cpp">
      <Filter>선생님\Map</Filter>
    </ClCompile>
    <ClCompile Include="cFrustum.cpp">
      <Filter>선생님\Camera</Filter>
    </ClCompile>
    <ClCompile Include="cLerp.cpp">
      <Filter>선생님\Util</Filter>
    </ClCompile>
    <ClCompile Include="Dx3D.cpp">
      <Filter>선생님\Util</Filter>
    </ClCompile>
    <ClCompile Include="cCube.cpp">
      <Filter>선생님\Util</Filter>
    </ClCompile>
    <ClCompile Include="cCrtCtrl.cpp">
      <Filter>선생님\Util</Filter>
    </ClCompile>
    <ClCompile Include="cAllocateHierarchy.cpp">
      <Filter>선생님\SkinnedMesh</Filter>
    </ClCompile>
    <ClCompile Include="cMapTool.cpp">
      <Filter>영빈\MapTool</Filter>
    </ClCompile>
    <ClCompile Include="cGridNode.cpp">
      <Filter>영빈\GridNode</Filter>
    </ClCompile>
    <ClCompile Include="cMain_admin.cpp">
      <Filter>동욱\메인%28cMain_admin%29</Filter>
    </ClCompile>
    <ClCompile Include="cKeyManager.cpp">
      <Filter>선생님\Manager</Filter>
    </ClCompile>
    <ClCompile Include="cSoundManager.cpp">
      <Filter>선생님\Manager</Filter>
    </ClCompile>
    <ClCompile Include="cTabUI.cpp">
      <Filter>한나\UIs</Filter>
    </ClCompile>
    <ClCompile Include="cSceneUI.cpp">
      <Filter>한나\UIs</Filter>
    </ClCompile>
    <ClCompile Include="cSceneManager.cpp">
      <Filter>선생님\Manager</Filter>
    </ClCompile>
    <ClCompile Include="stdafx.cpp">
      <Filter>선생님</Filter>
    </ClCompile>
    <ClCompile Include="cScene.cpp">
      <Filter>동욱\씬%28cScene%29</Filter>
    </ClCompile>
    <ClCompile Include="cScene_Manager.cpp">
      <Filter>동욱\씬매니져%28cScene_Manager%29</Filter>
    </ClCompile>
    <ClCompile Include="cScene_Test_1.cpp">
      <Filter>동욱\씬%28Test%29</Filter>
    </ClCompile>
    <ClCompile Include="cUIManager.cpp">
      <Filter>한나\UIManager</Filter>
    </ClCompile>
    <ClCompile Include="cUITool.cpp">
      <Filter>한나\UITool</Filter>
    </ClCompile>
    <ClCompile Include="cUIGrid.cpp">
      <Filter>한나\UIs</Filter>
    </ClCompile>
    <ClCompile Include="cUIToolTestScene.cpp">
      <Filter>한나\UIToolTestScene</Filter>
    </ClCompile>
    <ClCompile Include="cPlayer.cpp">
      <Filter>동욱\플레이어%28cPlayer%29</Filter>
    </ClCompile>
    <ClCompile Include="cPlayer_Ctrl.cpp">
      <Filter>동욱\플레이어%28cPlayer%29</Filter>
    </ClCompile>
    <ClCompile Include="cMapObject.cpp">
      <Filter>영빈\MapObject</Filter>
    </ClCompile>
    <ClCompile Include="cMapObjState.cpp">
      <Filter>영빈\MapObject</Filter>
    </ClCompile>
    <ClCompile Include="cMapToolScene.cpp">
      <Filter>영빈\MapToolScene</Filter>
    </ClCompile>
    <ClCompile Include="IUI.cpp">
      <Filter>한나\UI정리</Filter>
    </ClCompile>
    <ClCompile Include="cUI_In_Game.cpp">
      <Filter>한나\UI정리</Filter>
    </ClCompile>
    <ClCompile Include="cUITool_In_Game_Test.cpp">
      <Filter>한나\UI정리</Filter>
    </ClCompile>
    <ClCompile Include="cMainMenuScene.cpp">
      <Filter>한나\MainMenuScene</Filter>
    </ClCompile>
    <ClCompile Include="cDatabase.cpp">
      <Filter>한나\Database</Filter>
    </ClCompile>
  </ItemGroup>
  <ItemGroup>
    <ResourceCompile Include="Dx3D.rc">
      <Filter>리소스 파일</Filter>
    </ResourceCompile>
  </ItemGroup>
</Project>